// !$*UTF8*$!
{
	archiveVersion = 1;
	classes = {
	};
	objectVersion = 50;
	objects = {

/* Begin PBXBuildFile section */
		D638800C2274ED8600C3B2DA /* AppDelegate.swift in Sources */ = {isa = PBXBuildFile; fileRef = D638800B2274ED8600C3B2DA /* AppDelegate.swift */; };
		D63880112274ED8600C3B2DA /* Main.storyboard in Resources */ = {isa = PBXBuildFile; fileRef = D638800F2274ED8600C3B2DA /* Main.storyboard */; };
		D63880132274ED8700C3B2DA /* Assets.xcassets in Resources */ = {isa = PBXBuildFile; fileRef = D63880122274ED8700C3B2DA /* Assets.xcassets */; };
		D63880162274ED8700C3B2DA /* LaunchScreen.storyboard in Resources */ = {isa = PBXBuildFile; fileRef = D63880142274ED8700C3B2DA /* LaunchScreen.storyboard */; };
		D638801E2274EF6700C3B2DA /* ResultsReTableViewController.swift in Sources */ = {isa = PBXBuildFile; fileRef = D638801D2274EF6700C3B2DA /* ResultsReTableViewController.swift */; };
		D63880202274EF7C00C3B2DA /* VotingViewController.swift in Sources */ = {isa = PBXBuildFile; fileRef = D638801F2274EF7C00C3B2DA /* VotingViewController.swift */; };
		D63880222274EF8A00C3B2DA /* CombinedViewController.swift in Sources */ = {isa = PBXBuildFile; fileRef = D63880212274EF8A00C3B2DA /* CombinedViewController.swift */; };
		D63880242274EFCA00C3B2DA /* PollingTabBarViewController.swift in Sources */ = {isa = PBXBuildFile; fileRef = D63880232274EFCA00C3B2DA /* PollingTabBarViewController.swift */; };
		D63880262274F03000C3B2DA /* Vote.swift in Sources */ = {isa = PBXBuildFile; fileRef = D63880252274F03000C3B2DA /* Vote.swift */; };
		D63880282274F0C400C3B2DA /* VoteController.swift in Sources */ = {isa = PBXBuildFile; fileRef = D63880272274F0C400C3B2DA /* VoteController.swift */; };
		D638802A2274F15500C3B2DA /* Voting.storyboard in Resources */ = {isa = PBXBuildFile; fileRef = D63880292274F15500C3B2DA /* Voting.storyboard */; };
		D638802D2274F16E00C3B2DA /* Results.storyboard in Resources */ = {isa = PBXBuildFile; fileRef = D638802B2274F16E00C3B2DA /* Results.storyboard */; };
		D638802F2274F18000C3B2DA /* Combined.storyboard in Resources */ = {isa = PBXBuildFile; fileRef = D638802E2274F18000C3B2DA /* Combined.storyboard */; };
		D63880312274F2C900C3B2DA /* VoteControllerProtocol.swift in Sources */ = {isa = PBXBuildFile; fileRef = D63880302274F2C900C3B2DA /* VoteControllerProtocol.swift */; };
/* End PBXBuildFile section */

/* Begin PBXFileReference section */
		D63880082274ED8600C3B2DA /* Survey.app */ = {isa = PBXFileReference; explicitFileType = wrapper.application; includeInIndex = 0; path = Survey.app; sourceTree = BUILT_PRODUCTS_DIR; };
		D638800B2274ED8600C3B2DA /* AppDelegate.swift */ = {isa = PBXFileReference; lastKnownFileType = sourcecode.swift; path = AppDelegate.swift; sourceTree = "<group>"; };
		D63880102274ED8600C3B2DA /* Base */ = {isa = PBXFileReference; lastKnownFileType = file.storyboard; name = Base; path = Base.lproj/Main.storyboard; sourceTree = "<group>"; };
		D63880122274ED8700C3B2DA /* Assets.xcassets */ = {isa = PBXFileReference; lastKnownFileType = folder.assetcatalog; path = Assets.xcassets; sourceTree = "<group>"; };
		D63880152274ED8700C3B2DA /* Base */ = {isa = PBXFileReference; lastKnownFileType = file.storyboard; name = Base; path = Base.lproj/LaunchScreen.storyboard; sourceTree = "<group>"; };
		D63880172274ED8700C3B2DA /* Info.plist */ = {isa = PBXFileReference; lastKnownFileType = text.plist.xml; path = Info.plist; sourceTree = "<group>"; };
		D638801D2274EF6700C3B2DA /* ResultsReTableViewController.swift */ = {isa = PBXFileReference; lastKnownFileType = sourcecode.swift; path = ResultsReTableViewController.swift; sourceTree = "<group>"; };
		D638801F2274EF7C00C3B2DA /* VotingViewController.swift */ = {isa = PBXFileReference; lastKnownFileType = sourcecode.swift; path = VotingViewController.swift; sourceTree = "<group>"; };
		D63880212274EF8A00C3B2DA /* CombinedViewController.swift */ = {isa = PBXFileReference; lastKnownFileType = sourcecode.swift; path = CombinedViewController.swift; sourceTree = "<group>"; };
		D63880232274EFCA00C3B2DA /* PollingTabBarViewController.swift */ = {isa = PBXFileReference; lastKnownFileType = sourcecode.swift; path = PollingTabBarViewController.swift; sourceTree = "<group>"; };
		D63880252274F03000C3B2DA /* Vote.swift */ = {isa = PBXFileReference; lastKnownFileType = sourcecode.swift; path = Vote.swift; sourceTree = "<group>"; };
		D63880272274F0C400C3B2DA /* VoteController.swift */ = {isa = PBXFileReference; lastKnownFileType = sourcecode.swift; path = VoteController.swift; sourceTree = "<group>"; };
		D63880292274F15500C3B2DA /* Voting.storyboard */ = {isa = PBXFileReference; fileEncoding = 4; lastKnownFileType = file.storyboard; path = Voting.storyboard; sourceTree = "<group>"; };
		D638802C2274F16E00C3B2DA /* Base */ = {isa = PBXFileReference; lastKnownFileType = file.storyboard; name = Base; path = Survey/Base.lproj/Results.storyboard; sourceTree = "<group>"; };
		D638802E2274F18000C3B2DA /* Combined.storyboard */ = {isa = PBXFileReference; fileEncoding = 4; lastKnownFileType = file.storyboard; path = Combined.storyboard; sourceTree = "<group>"; };
		D63880302274F2C900C3B2DA /* VoteControllerProtocol.swift */ = {isa = PBXFileReference; lastKnownFileType = sourcecode.swift; path = VoteControllerProtocol.swift; sourceTree = "<group>"; };
/* End PBXFileReference section */

/* Begin PBXFrameworksBuildPhase section */
		D63880052274ED8600C3B2DA /* Frameworks */ = {
			isa = PBXFrameworksBuildPhase;
			buildActionMask = 2147483647;
			files = (
			);
			runOnlyForDeploymentPostprocessing = 0;
		};
/* End PBXFrameworksBuildPhase section */

/* Begin PBXGroup section */
		D6387FFF2274ED8600C3B2DA = {
			isa = PBXGroup;
			children = (
				D638800A2274ED8600C3B2DA /* Survey */,
				D63880092274ED8600C3B2DA /* Products */,
			);
			sourceTree = "<group>";
		};
		D63880092274ED8600C3B2DA /* Products */ = {
			isa = PBXGroup;
			children = (
				D63880082274ED8600C3B2DA /* Survey.app */,
			);
			name = Products;
			sourceTree = "<group>";
		};
		D638800A2274ED8600C3B2DA /* Survey */ = {
			isa = PBXGroup;
			children = (
				D638802E2274F18000C3B2DA /* Combined.storyboard */,
				D638802B2274F16E00C3B2DA /* Results.storyboard */,
				D63880292274F15500C3B2DA /* Voting.storyboard */,
				D63880302274F2C900C3B2DA /* VoteControllerProtocol.swift */,
				D638800B2274ED8600C3B2DA /* AppDelegate.swift */,
				D638800F2274ED8600C3B2DA /* Main.storyboard */,
				D638801D2274EF6700C3B2DA /* ResultsReTableViewController.swift */,
				D63880252274F03000C3B2DA /* Vote.swift */,
				D638801F2274EF7C00C3B2DA /* VotingViewController.swift */,
				D63880272274F0C400C3B2DA /* VoteController.swift */,
				D63880212274EF8A00C3B2DA /* CombinedViewController.swift */,
				D63880232274EFCA00C3B2DA /* PollingTabBarViewController.swift */,
				D63880122274ED8700C3B2DA /* Assets.xcassets */,
				D63880142274ED8700C3B2DA /* LaunchScreen.storyboard */,
				D63880172274ED8700C3B2DA /* Info.plist */,
			);
			path = Survey;
			sourceTree = "<group>";
		};
/* End PBXGroup section */

/* Begin PBXNativeTarget section */
		D63880072274ED8600C3B2DA /* Survey */ = {
			isa = PBXNativeTarget;
			buildConfigurationList = D638801A2274ED8700C3B2DA /* Build configuration list for PBXNativeTarget "Survey" */;
			buildPhases = (
				D63880042274ED8600C3B2DA /* Sources */,
				D63880052274ED8600C3B2DA /* Frameworks */,
				D63880062274ED8600C3B2DA /* Resources */,
			);
			buildRules = (
			);
			dependencies = (
			);
			name = Survey;
			productName = Survey;
			productReference = D63880082274ED8600C3B2DA /* Survey.app */;
			productType = "com.apple.product-type.application";
		};
/* End PBXNativeTarget section */

/* Begin PBXProject section */
		D63880002274ED8600C3B2DA /* Project object */ = {
			isa = PBXProject;
			attributes = {
				LastSwiftUpdateCheck = 1020;
				LastUpgradeCheck = 1020;
				ORGANIZATIONNAME = "Michael Stoffer";
				TargetAttributes = {
					D63880072274ED8600C3B2DA = {
						CreatedOnToolsVersion = 10.2.1;
					};
				};
			};
			buildConfigurationList = D63880032274ED8600C3B2DA /* Build configuration list for PBXProject "Survey" */;
			compatibilityVersion = "Xcode 9.3";
			developmentRegion = en;
			hasScannedForEncodings = 0;
			knownRegions = (
				en,
				Base,
			);
			mainGroup = D6387FFF2274ED8600C3B2DA;
			productRefGroup = D63880092274ED8600C3B2DA /* Products */;
			projectDirPath = "";
			projectRoot = "";
			targets = (
				D63880072274ED8600C3B2DA /* Survey */,
			);
		};
/* End PBXProject section */

/* Begin PBXResourcesBuildPhase section */
		D63880062274ED8600C3B2DA /* Resources */ = {
			isa = PBXResourcesBuildPhase;
			buildActionMask = 2147483647;
			files = (
				D63880162274ED8700C3B2DA /* LaunchScreen.storyboard in Resources */,
				D638802D2274F16E00C3B2DA /* Results.storyboard in Resources */,
				D63880132274ED8700C3B2DA /* Assets.xcassets in Resources */,
				D63880112274ED8600C3B2DA /* Main.storyboard in Resources */,
				D638802A2274F15500C3B2DA /* Voting.storyboard in Resources */,
				D638802F2274F18000C3B2DA /* Combined.storyboard in Resources */,
			);
			runOnlyForDeploymentPostprocessing = 0;
		};
/* End PBXResourcesBuildPhase section */

/* Begin PBXSourcesBuildPhase section */
		D63880042274ED8600C3B2DA /* Sources */ = {
			isa = PBXSourcesBuildPhase;
			buildActionMask = 2147483647;
			files = (
				D638800C2274ED8600C3B2DA /* AppDelegate.swift in Sources */,
				D63880262274F03000C3B2DA /* Vote.swift in Sources */,
				D638801E2274EF6700C3B2DA /* ResultsReTableViewController.swift in Sources */,
				D63880312274F2C900C3B2DA /* VoteControllerProtocol.swift in Sources */,
				D63880242274EFCA00C3B2DA /* PollingTabBarViewController.swift in Sources */,
				D63880282274F0C400C3B2DA /* VoteController.swift in Sources */,
				D63880202274EF7C00C3B2DA /* VotingViewController.swift in Sources */,
				D63880222274EF8A00C3B2DA /* CombinedViewController.swift in Sources */,
			);
			runOnlyForDeploymentPostprocessing = 0;
		};
/* End PBXSourcesBuildPhase section */

/* Begin PBXVariantGroup section */
		D638800F2274ED8600C3B2DA /* Main.storyboard */ = {
			isa = PBXVariantGroup;
			children = (
				D63880102274ED8600C3B2DA /* Base */,
			);
			name = Main.storyboard;
			sourceTree = "<group>";
		};
		D63880142274ED8700C3B2DA /* LaunchScreen.storyboard */ = {
			isa = PBXVariantGroup;
			children = (
				D63880152274ED8700C3B2DA /* Base */,
			);
			name = LaunchScreen.storyboard;
			sourceTree = "<group>";
		};
		D638802B2274F16E00C3B2DA /* Results.storyboard */ = {
			isa = PBXVariantGroup;
			children = (
				D638802C2274F16E00C3B2DA /* Base */,
			);
			name = Results.storyboard;
			sourceTree = "<group>";
		};
/* End PBXVariantGroup section */

/* Begin XCBuildConfiguration section */
		D63880182274ED8700C3B2DA /* Debug */ = {
			isa = XCBuildConfiguration;
			buildSettings = {
				ALWAYS_SEARCH_USER_PATHS = NO;
				CLANG_ANALYZER_NONNULL = YES;
				CLANG_ANALYZER_NUMBER_OBJECT_CONVERSION = YES_AGGRESSIVE;
				CLANG_CXX_LANGUAGE_STANDARD = "gnu++14";
				CLANG_CXX_LIBRARY = "libc++";
				CLANG_ENABLE_MODULES = YES;
				CLANG_ENABLE_OBJC_ARC = YES;
				CLANG_ENABLE_OBJC_WEAK = YES;
				CLANG_WARN_BLOCK_CAPTURE_AUTORELEASING = YES;
				CLANG_WARN_BOOL_CONVERSION = YES;
				CLANG_WARN_COMMA = YES;
				CLANG_WARN_CONSTANT_CONVERSION = YES;
				CLANG_WARN_DEPRECATED_OBJC_IMPLEMENTATIONS = YES;
				CLANG_WARN_DIRECT_OBJC_ISA_USAGE = YES_ERROR;
				CLANG_WARN_DOCUMENTATION_COMMENTS = YES;
				CLANG_WARN_EMPTY_BODY = YES;
				CLANG_WARN_ENUM_CONVERSION = YES;
				CLANG_WARN_INFINITE_RECURSION = YES;
				CLANG_WARN_INT_CONVERSION = YES;
				CLANG_WARN_NON_LITERAL_NULL_CONVERSION = YES;
				CLANG_WARN_OBJC_IMPLICIT_RETAIN_SELF = YES;
				CLANG_WARN_OBJC_LITERAL_CONVERSION = YES;
				CLANG_WARN_OBJC_ROOT_CLASS = YES_ERROR;
				CLANG_WARN_RANGE_LOOP_ANALYSIS = YES;
				CLANG_WARN_STRICT_PROTOTYPES = YES;
				CLANG_WARN_SUSPICIOUS_MOVE = YES;
				CLANG_WARN_UNGUARDED_AVAILABILITY = YES_AGGRESSIVE;
				CLANG_WARN_UNREACHABLE_CODE = YES;
				CLANG_WARN__DUPLICATE_METHOD_MATCH = YES;
				CODE_SIGN_IDENTITY = "iPhone Developer";
				COPY_PHASE_STRIP = NO;
				DEBUG_INFORMATION_FORMAT = dwarf;
				ENABLE_STRICT_OBJC_MSGSEND = YES;
				ENABLE_TESTABILITY = YES;
				GCC_C_LANGUAGE_STANDARD = gnu11;
				GCC_DYNAMIC_NO_PIC = NO;
				GCC_NO_COMMON_BLOCKS = YES;
				GCC_OPTIMIZATION_LEVEL = 0;
				GCC_PREPROCESSOR_DEFINITIONS = (
					"DEBUG=1",
					"$(inherited)",
				);
				GCC_WARN_64_TO_32_BIT_CONVERSION = YES;
				GCC_WARN_ABOUT_RETURN_TYPE = YES_ERROR;
				GCC_WARN_UNDECLARED_SELECTOR = YES;
				GCC_WARN_UNINITIALIZED_AUTOS = YES_AGGRESSIVE;
				GCC_WARN_UNUSED_FUNCTION = YES;
				GCC_WARN_UNUSED_VARIABLE = YES;
				IPHONEOS_DEPLOYMENT_TARGET = 12.2;
				MTL_ENABLE_DEBUG_INFO = INCLUDE_SOURCE;
				MTL_FAST_MATH = YES;
				ONLY_ACTIVE_ARCH = YES;
				SDKROOT = iphoneos;
				SWIFT_ACTIVE_COMPILATION_CONDITIONS = DEBUG;
				SWIFT_OPTIMIZATION_LEVEL = "-Onone";
			};
			name = Debug;
		};
		D63880192274ED8700C3B2DA /* Release */ = {
			isa = XCBuildConfiguration;
			buildSettings = {
				ALWAYS_SEARCH_USER_PATHS = NO;
				CLANG_ANALYZER_NONNULL = YES;
				CLANG_ANALYZER_NUMBER_OBJECT_CONVERSION = YES_AGGRESSIVE;
				CLANG_CXX_LANGUAGE_STANDARD = "gnu++14";
				CLANG_CXX_LIBRARY = "libc++";
				CLANG_ENABLE_MODULES = YES;
				CLANG_ENABLE_OBJC_ARC = YES;
				CLANG_ENABLE_OBJC_WEAK = YES;
				CLANG_WARN_BLOCK_CAPTURE_AUTORELEASING = YES;
				CLANG_WARN_BOOL_CONVERSION = YES;
				CLANG_WARN_COMMA = YES;
				CLANG_WARN_CONSTANT_CONVERSION = YES;
				CLANG_WARN_DEPRECATED_OBJC_IMPLEMENTATIONS = YES;
				CLANG_WARN_DIRECT_OBJC_ISA_USAGE = YES_ERROR;
				CLANG_WARN_DOCUMENTATION_COMMENTS = YES;
				CLANG_WARN_EMPTY_BODY = YES;
				CLANG_WARN_ENUM_CONVERSION = YES;
				CLANG_WARN_INFINITE_RECURSION = YES;
				CLANG_WARN_INT_CONVERSION = YES;
				CLANG_WARN_NON_LITERAL_NULL_CONVERSION = YES;
				CLANG_WARN_OBJC_IMPLICIT_RETAIN_SELF = YES;
				CLANG_WARN_OBJC_LITERAL_CONVERSION = YES;
				CLANG_WARN_OBJC_ROOT_CLASS = YES_ERROR;
				CLANG_WARN_RANGE_LOOP_ANALYSIS = YES;
				CLANG_WARN_STRICT_PROTOTYPES = YES;
				CLANG_WARN_SUSPICIOUS_MOVE = YES;
				CLANG_WARN_UNGUARDED_AVAILABILITY = YES_AGGRESSIVE;
				CLANG_WARN_UNREACHABLE_CODE = YES;
				CLANG_WARN__DUPLICATE_METHOD_MATCH = YES;
				CODE_SIGN_IDENTITY = "iPhone Developer";
				COPY_PHASE_STRIP = NO;
				DEBUG_INFORMATION_FORMAT = "dwarf-with-dsym";
				ENABLE_NS_ASSERTIONS = NO;
				ENABLE_STRICT_OBJC_MSGSEND = YES;
				GCC_C_LANGUAGE_STANDARD = gnu11;
				GCC_NO_COMMON_BLOCKS = YES;
				GCC_WARN_64_TO_32_BIT_CONVERSION = YES;
				GCC_WARN_ABOUT_RETURN_TYPE = YES_ERROR;
				GCC_WARN_UNDECLARED_SELECTOR = YES;
				GCC_WARN_UNINITIALIZED_AUTOS = YES_AGGRESSIVE;
				GCC_WARN_UNUSED_FUNCTION = YES;
				GCC_WARN_UNUSED_VARIABLE = YES;
				IPHONEOS_DEPLOYMENT_TARGET = 12.2;
				MTL_ENABLE_DEBUG_INFO = NO;
				MTL_FAST_MATH = YES;
				SDKROOT = iphoneos;
				SWIFT_COMPILATION_MODE = wholemodule;
				SWIFT_OPTIMIZATION_LEVEL = "-O";
				VALIDATE_PRODUCT = YES;
			};
			name = Release;
		};
		D638801B2274ED8700C3B2DA /* Debug */ = {
			isa = XCBuildConfiguration;
			buildSettings = {
				ASSETCATALOG_COMPILER_APPICON_NAME = AppIcon;
				CODE_SIGN_STYLE = Automatic;
				DEVELOPMENT_TEAM = 3XVDLP5XYQ;
				INFOPLIST_FILE = Survey/Info.plist;
				LD_RUNPATH_SEARCH_PATHS = (
					"$(inherited)",
					"@executable_path/Frameworks",
				);
				PRODUCT_BUNDLE_IDENTIFIER = com.michaelstoffer.Survey;
				PRODUCT_NAME = "$(TARGET_NAME)";
				SWIFT_VERSION = 5.0;
				TARGETED_DEVICE_FAMILY = "1,2";
			};
			name = Debug;
		};
		D638801C2274ED8700C3B2DA /* Release */ = {
			isa = XCBuildConfiguration;
			buildSettings = {
				ASSETCATALOG_COMPILER_APPICON_NAME = AppIcon;
				CODE_SIGN_STYLE = Automatic;
				DEVELOPMENT_TEAM = 3XVDLP5XYQ;
				INFOPLIST_FILE = Survey/Info.plist;
				LD_RUNPATH_SEARCH_PATHS = (
					"$(inherited)",
					"@executable_path/Frameworks",
				);
				PRODUCT_BUNDLE_IDENTIFIER = com.michaelstoffer.Survey;
				PRODUCT_NAME = "$(TARGET_NAME)";
				SWIFT_VERSION = 5.0;
				TARGETED_DEVICE_FAMILY = "1,2";
			};
			name = Release;
		};
/* End XCBuildConfiguration section */

/* Begin XCConfigurationList section */
		D63880032274ED8600C3B2DA /* Build configuration list for PBXProject "Survey" */ = {
			isa = XCConfigurationList;
			buildConfigurations = (
				D63880182274ED8700C3B2DA /* Debug */,
				D63880192274ED8700C3B2DA /* Release */,
			);
			defaultConfigurationIsVisible = 0;
			defaultConfigurationName = Release;
		};
		D638801A2274ED8700C3B2DA /* Build configuration list for PBXNativeTarget "Survey" */ = {
			isa = XCConfigurationList;
			buildConfigurations = (
				D638801B2274ED8700C3B2DA /* Debug */,
				D638801C2274ED8700C3B2DA /* Release */,
			);
			defaultConfigurationIsVisible = 0;
			defaultConfigurationName = Release;
		};
/* End XCConfigurationList section */
	};
	rootObject = D63880002274ED8600C3B2DA /* Project object */;
}
